// !$*UTF8*$!
{
	archiveVersion = 1;
	classes = {
	};
	objectVersion = 50;
	objects = {

/* Begin PBXBuildFile section */
		C7C4EDD021E3D97A00ADD4E3 /* AppDelegate.swift in Sources */ = {isa = PBXBuildFile; fileRef = C7C4EDCF21E3D97A00ADD4E3 /* AppDelegate.swift */; };
		C7C4EDD221E3D97A00ADD4E3 /* MetalViewController.swift in Sources */ = {isa = PBXBuildFile; fileRef = C7C4EDD121E3D97A00ADD4E3 /* MetalViewController.swift */; };
		C7C4EDD521E3D97A00ADD4E3 /* Main.storyboard in Resources */ = {isa = PBXBuildFile; fileRef = C7C4EDD321E3D97A00ADD4E3 /* Main.storyboard */; };
		C7C4EDD721E3D97B00ADD4E3 /* Assets.xcassets in Resources */ = {isa = PBXBuildFile; fileRef = C7C4EDD621E3D97B00ADD4E3 /* Assets.xcassets */; };
		C7C4EDDA21E3D97B00ADD4E3 /* LaunchScreen.storyboard in Resources */ = {isa = PBXBuildFile; fileRef = C7C4EDD821E3D97B00ADD4E3 /* LaunchScreen.storyboard */; };
		C7C4EDE921E3DB1E00ADD4E3 /* FragmentShader.metal in Sources */ = {isa = PBXBuildFile; fileRef = C7C4EDE721E3DB1D00ADD4E3 /* FragmentShader.metal */; };
		C7C4EDEA21E3DB1E00ADD4E3 /* VertexShader.metal in Sources */ = {isa = PBXBuildFile; fileRef = C7C4EDE821E3DB1D00ADD4E3 /* VertexShader.metal */; };
		C7C4EDED21E3DB3100ADD4E3 /* InstanceScene.swift in Sources */ = {isa = PBXBuildFile; fileRef = C7C4EDEC21E3DB3100ADD4E3 /* InstanceScene.swift */; };
		C7C4EDEF21E3DB4500ADD4E3 /* humanFigure.obj in Resources */ = {isa = PBXBuildFile; fileRef = C7C4EDEE21E3DB4400ADD4E3 /* humanFigure.obj */; };
		C7C4EDF121E3DBC000ADD4E3 /* AppCore.framework in Frameworks */ = {isa = PBXBuildFile; fileRef = C7C4EDF021E3DBC000ADD4E3 /* AppCore.framework */; };
		C7C4EDF221E3DBC000ADD4E3 /* AppCore.framework in Embed Frameworks */ = {isa = PBXBuildFile; fileRef = C7C4EDF021E3DBC000ADD4E3 /* AppCore.framework */; settings = {ATTRIBUTES = (CodeSignOnCopy, RemoveHeadersOnCopy, ); }; };
/* End PBXBuildFile section */

/* Begin PBXCopyFilesBuildPhase section */
		C7C4EDF321E3DBC000ADD4E3 /* Embed Frameworks */ = {
			isa = PBXCopyFilesBuildPhase;
			buildActionMask = 2147483647;
			dstPath = "";
			dstSubfolderSpec = 10;
			files = (
				C7C4EDF221E3DBC000ADD4E3 /* AppCore.framework in Embed Frameworks */,
			);
			name = "Embed Frameworks";
			runOnlyForDeploymentPostprocessing = 0;
		};
/* End PBXCopyFilesBuildPhase section */

/* Begin PBXFileReference section */
		C7C4EDCC21E3D97A00ADD4E3 /* InstanceRendering.app */ = {isa = PBXFileReference; explicitFileType = wrapper.application; includeInIndex = 0; path = InstanceRendering.app; sourceTree = BUILT_PRODUCTS_DIR; };
		C7C4EDCF21E3D97A00ADD4E3 /* AppDelegate.swift */ = {isa = PBXFileReference; lastKnownFileType = sourcecode.swift; path = AppDelegate.swift; sourceTree = "<group>"; };
		C7C4EDD121E3D97A00ADD4E3 /* MetalViewController.swift */ = {isa = PBXFileReference; lastKnownFileType = sourcecode.swift; path = MetalViewController.swift; sourceTree = "<group>"; };
		C7C4EDD421E3D97A00ADD4E3 /* Base */ = {isa = PBXFileReference; lastKnownFileType = file.storyboard; name = Base; path = Base.lproj/Main.storyboard; sourceTree = "<group>"; };
		C7C4EDD621E3D97B00ADD4E3 /* Assets.xcassets */ = {isa = PBXFileReference; lastKnownFileType = folder.assetcatalog; path = Assets.xcassets; sourceTree = "<group>"; };
		C7C4EDD921E3D97B00ADD4E3 /* Base */ = {isa = PBXFileReference; lastKnownFileType = file.storyboard; name = Base; path = Base.lproj/LaunchScreen.storyboard; sourceTree = "<group>"; };
		C7C4EDDB21E3D97B00ADD4E3 /* Info.plist */ = {isa = PBXFileReference; lastKnownFileType = text.plist.xml; path = Info.plist; sourceTree = "<group>"; };
		C7C4EDE721E3DB1D00ADD4E3 /* FragmentShader.metal */ = {isa = PBXFileReference; fileEncoding = 4; lastKnownFileType = sourcecode.metal; path = FragmentShader.metal; sourceTree = "<group>"; };
		C7C4EDE821E3DB1D00ADD4E3 /* VertexShader.metal */ = {isa = PBXFileReference; fileEncoding = 4; lastKnownFileType = sourcecode.metal; path = VertexShader.metal; sourceTree = "<group>"; };
		C7C4EDEB21E3DB2500ADD4E3 /* VertexShaderData.h */ = {isa = PBXFileReference; fileEncoding = 4; lastKnownFileType = sourcecode.c.h; path = VertexShaderData.h; sourceTree = "<group>"; };
		C7C4EDEC21E3DB3100ADD4E3 /* InstanceScene.swift */ = {isa = PBXFileReference; fileEncoding = 4; lastKnownFileType = sourcecode.swift; path = InstanceScene.swift; sourceTree = "<group>"; };
		C7C4EDEE21E3DB4400ADD4E3 /* humanFigure.obj */ = {isa = PBXFileReference; fileEncoding = 4; lastKnownFileType = text; path = humanFigure.obj; sourceTree = "<group>"; };
		C7C4EDF021E3DBC000ADD4E3 /* AppCore.framework */ = {isa = PBXFileReference; explicitFileType = wrapper.framework; path = AppCore.framework; sourceTree = BUILT_PRODUCTS_DIR; };
/* End PBXFileReference section */

/* Begin PBXFrameworksBuildPhase section */
		C7C4EDC921E3D97A00ADD4E3 /* Frameworks */ = {
			isa = PBXFrameworksBuildPhase;
			buildActionMask = 2147483647;
			files = (
				C7C4EDF121E3DBC000ADD4E3 /* AppCore.framework in Frameworks */,
			);
			runOnlyForDeploymentPostprocessing = 0;
		};
/* End PBXFrameworksBuildPhase section */

/* Begin PBXGroup section */
		C7C4EDC321E3D97A00ADD4E3 = {
			isa = PBXGroup;
			children = (
				C7C4EDF021E3DBC000ADD4E3 /* AppCore.framework */,
				C7C4EDCE21E3D97A00ADD4E3 /* InstanceRendering */,
				C7C4EDCD21E3D97A00ADD4E3 /* Products */,
			);
			sourceTree = "<group>";
		};
		C7C4EDCD21E3D97A00ADD4E3 /* Products */ = {
			isa = PBXGroup;
			children = (
				C7C4EDCC21E3D97A00ADD4E3 /* InstanceRendering.app */,
			);
			name = Products;
			sourceTree = "<group>";
		};
		C7C4EDCE21E3D97A00ADD4E3 /* InstanceRendering */ = {
			isa = PBXGroup;
			children = (
				C7C4EDE421E3DA2500ADD4E3 /* Resources */,
				C7C4EDE321E3DA0500ADD4E3 /* Scenes */,
				C7C4EDE221E3D9F900ADD4E3 /* ShaderFunctions */,
				C7C4EDCF21E3D97A00ADD4E3 /* AppDelegate.swift */,
				C7C4EDD121E3D97A00ADD4E3 /* MetalViewController.swift */,
				C7C4EDD321E3D97A00ADD4E3 /* Main.storyboard */,
				C7C4EDD621E3D97B00ADD4E3 /* Assets.xcassets */,
				C7C4EDD821E3D97B00ADD4E3 /* LaunchScreen.storyboard */,
				C7C4EDDB21E3D97B00ADD4E3 /* Info.plist */,
			);
			path = InstanceRendering;
			sourceTree = "<group>";
		};
		C7C4EDE221E3D9F900ADD4E3 /* ShaderFunctions */ = {
			isa = PBXGroup;
			children = (
				C7C4EDE721E3DB1D00ADD4E3 /* FragmentShader.metal */,
				C7C4EDE821E3DB1D00ADD4E3 /* VertexShader.metal */,
				C7C4EDEB21E3DB2500ADD4E3 /* VertexShaderData.h */,
			);
			path = ShaderFunctions;
			sourceTree = "<group>";
		};
		C7C4EDE321E3DA0500ADD4E3 /* Scenes */ = {
			isa = PBXGroup;
			children = (
				C7C4EDEC21E3DB3100ADD4E3 /* InstanceScene.swift */,
			);
			path = Scenes;
			sourceTree = "<group>";
		};
		C7C4EDE421E3DA2500ADD4E3 /* Resources */ = {
			isa = PBXGroup;
			children = (
				C7C4EDE521E3DA3E00ADD4E3 /* Models */,
			);
			path = Resources;
			sourceTree = "<group>";
		};
		C7C4EDE521E3DA3E00ADD4E3 /* Models */ = {
			isa = PBXGroup;
			children = (
				C7C4EDE621E3DA5300ADD4E3 /* humanFigure */,
			);
			path = Models;
			sourceTree = "<group>";
		};
		C7C4EDE621E3DA5300ADD4E3 /* humanFigure */ = {
			isa = PBXGroup;
			children = (
				C7C4EDEE21E3DB4400ADD4E3 /* humanFigure.obj */,
			);
			path = humanFigure;
			sourceTree = "<group>";
		};
/* End PBXGroup section */

/* Begin PBXNativeTarget section */
		C7C4EDCB21E3D97A00ADD4E3 /* InstanceRendering */ = {
			isa = PBXNativeTarget;
			buildConfigurationList = C7C4EDDE21E3D97B00ADD4E3 /* Build configuration list for PBXNativeTarget "InstanceRendering" */;
			buildPhases = (
				C7C4EDC821E3D97A00ADD4E3 /* Sources */,
				C7C4EDC921E3D97A00ADD4E3 /* Frameworks */,
				C7C4EDCA21E3D97A00ADD4E3 /* Resources */,
				C7C4EDF321E3DBC000ADD4E3 /* Embed Frameworks */,
			);
			buildRules = (
			);
			dependencies = (
			);
			name = InstanceRendering;
			productName = InstanceRendering;
			productReference = C7C4EDCC21E3D97A00ADD4E3 /* InstanceRendering.app */;
			productType = "com.apple.product-type.application";
		};
/* End PBXNativeTarget section */

/* Begin PBXProject section */
		C7C4EDC421E3D97A00ADD4E3 /* Project object */ = {
			isa = PBXProject;
			attributes = {
				LastSwiftUpdateCheck = 1010;
				LastUpgradeCheck = 1010;
				ORGANIZATIONNAME = "GEORGE QUENTIN";
				TargetAttributes = {
					C7C4EDCB21E3D97A00ADD4E3 = {
						CreatedOnToolsVersion = 10.1;
					};
				};
			};
			buildConfigurationList = C7C4EDC721E3D97A00ADD4E3 /* Build configuration list for PBXProject "InstanceRendering" */;
			compatibilityVersion = "Xcode 9.3";
			developmentRegion = en;
			hasScannedForEncodings = 0;
			knownRegions = (
				en,
				Base,
			);
			mainGroup = C7C4EDC321E3D97A00ADD4E3;
			productRefGroup = C7C4EDCD21E3D97A00ADD4E3 /* Products */;
			projectDirPath = "";
			projectRoot = "";
			targets = (
				C7C4EDCB21E3D97A00ADD4E3 /* InstanceRendering */,
			);
		};
/* End PBXProject section */

/* Begin PBXResourcesBuildPhase section */
		C7C4EDCA21E3D97A00ADD4E3 /* Resources */ = {
			isa = PBXResourcesBuildPhase;
			buildActionMask = 2147483647;
			files = (
				C7C4EDDA21E3D97B00ADD4E3 /* LaunchScreen.storyboard in Resources */,
				C7C4EDD721E3D97B00ADD4E3 /* Assets.xcassets in Resources */,
				C7C4EDD521E3D97A00ADD4E3 /* Main.storyboard in Resources */,
				C7C4EDEF21E3DB4500ADD4E3 /* humanFigure.obj in Resources */,
			);
			runOnlyForDeploymentPostprocessing = 0;
		};
/* End PBXResourcesBuildPhase section */

/* Begin PBXSourcesBuildPhase section */
		C7C4EDC821E3D97A00ADD4E3 /* Sources */ = {
			isa = PBXSourcesBuildPhase;
			buildActionMask = 2147483647;
			files = (
				C7C4EDEA21E3DB1E00ADD4E3 /* VertexShader.metal in Sources */,
				C7C4EDD221E3D97A00ADD4E3 /* MetalViewController.swift in Sources */,
				C7C4EDD021E3D97A00ADD4E3 /* AppDelegate.swift in Sources */,
				C7C4EDE921E3DB1E00ADD4E3 /* FragmentShader.metal in Sources */,
				C7C4EDED21E3DB3100ADD4E3 /* InstanceScene.swift in Sources */,
			);
			runOnlyForDeploymentPostprocessing = 0;
		};
/* End PBXSourcesBuildPhase section */

/* Begin PBXVariantGroup section */
		C7C4EDD321E3D97A00ADD4E3 /* Main.storyboard */ = {
			isa = PBXVariantGroup;
			children = (
				C7C4EDD421E3D97A00ADD4E3 /* Base */,
			);
			name = Main.storyboard;
			sourceTree = "<group>";
		};
		C7C4EDD821E3D97B00ADD4E3 /* LaunchScreen.storyboard */ = {
			isa = PBXVariantGroup;
			children = (
				C7C4EDD921E3D97B00ADD4E3 /* Base */,
			);
			name = LaunchScreen.storyboard;
			sourceTree = "<group>";
		};
/* End PBXVariantGroup section */

/* Begin XCBuildConfiguration section */
		C7C4EDDC21E3D97B00ADD4E3 /* Debug */ = {
			isa = XCBuildConfiguration;
			buildSettings = {
				ALWAYS_SEARCH_USER_PATHS = NO;
				CLANG_ANALYZER_NONNULL = YES;
				CLANG_ANALYZER_NUMBER_OBJECT_CONVERSION = YES_AGGRESSIVE;
				CLANG_CXX_LANGUAGE_STANDARD = "gnu++14";
				CLANG_CXX_LIBRARY = "libc++";
				CLANG_ENABLE_MODULES = YES;
				CLANG_ENABLE_OBJC_ARC = YES;
				CLANG_ENABLE_OBJC_WEAK = YES;
				CLANG_WARN_BLOCK_CAPTURE_AUTORELEASING = YES;
				CLANG_WARN_BOOL_CONVERSION = YES;
				CLANG_WARN_COMMA = YES;
				CLANG_WARN_CONSTANT_CONVERSION = YES;
				CLANG_WARN_DEPRECATED_OBJC_IMPLEMENTATIONS = YES;
				CLANG_WARN_DIRECT_OBJC_ISA_USAGE = YES_ERROR;
				CLANG_WARN_DOCUMENTATION_COMMENTS = YES;
				CLANG_WARN_EMPTY_BODY = YES;
				CLANG_WARN_ENUM_CONVERSION = YES;
				CLANG_WARN_INFINITE_RECURSION = YES;
				CLANG_WARN_INT_CONVERSION = YES;
				CLANG_WARN_NON_LITERAL_NULL_CONVERSION = YES;
				CLANG_WARN_OBJC_IMPLICIT_RETAIN_SELF = YES;
				CLANG_WARN_OBJC_LITERAL_CONVERSION = YES;
				CLANG_WARN_OBJC_ROOT_CLASS = YES_ERROR;
				CLANG_WARN_RANGE_LOOP_ANALYSIS = YES;
				CLANG_WARN_STRICT_PROTOTYPES = YES;
				CLANG_WARN_SUSPICIOUS_MOVE = YES;
				CLANG_WARN_UNGUARDED_AVAILABILITY = YES_AGGRESSIVE;
				CLANG_WARN_UNREACHABLE_CODE = YES;
				CLANG_WARN__DUPLICATE_METHOD_MATCH = YES;
				CODE_SIGN_IDENTITY = "iPhone Developer";
				COPY_PHASE_STRIP = NO;
				DEBUG_INFORMATION_FORMAT = dwarf;
				ENABLE_STRICT_OBJC_MSGSEND = YES;
				ENABLE_TESTABILITY = YES;
				GCC_C_LANGUAGE_STANDARD = gnu11;
				GCC_DYNAMIC_NO_PIC = NO;
				GCC_NO_COMMON_BLOCKS = YES;
				GCC_OPTIMIZATION_LEVEL = 0;
				GCC_PREPROCESSOR_DEFINITIONS = (
					"DEBUG=1",
					"$(inherited)",
				);
				GCC_WARN_64_TO_32_BIT_CONVERSION = YES;
				GCC_WARN_ABOUT_RETURN_TYPE = YES_ERROR;
				GCC_WARN_UNDECLARED_SELECTOR = YES;
				GCC_WARN_UNINITIALIZED_AUTOS = YES_AGGRESSIVE;
				GCC_WARN_UNUSED_FUNCTION = YES;
				GCC_WARN_UNUSED_VARIABLE = YES;
				IPHONEOS_DEPLOYMENT_TARGET = 12.1;
				MTL_ENABLE_DEBUG_INFO = INCLUDE_SOURCE;
				MTL_FAST_MATH = YES;
				ONLY_ACTIVE_ARCH = YES;
				SDKROOT = iphoneos;
				SWIFT_ACTIVE_COMPILATION_CONDITIONS = DEBUG;
				SWIFT_OPTIMIZATION_LEVEL = "-Onone";
			};
			name = Debug;
		};
		C7C4EDDD21E3D97B00ADD4E3 /* Release */ = {
			isa = XCBuildConfiguration;
			buildSettings = {
				ALWAYS_SEARCH_USER_PATHS = NO;
				CLANG_ANALYZER_NONNULL = YES;
				CLANG_ANALYZER_NUMBER_OBJECT_CONVERSION = YES_AGGRESSIVE;
				CLANG_CXX_LANGUAGE_STANDARD = "gnu++14";
				CLANG_CXX_LIBRARY = "libc++";
				CLANG_ENABLE_MODULES = YES;
				CLANG_ENABLE_OBJC_ARC = YES;
				CLANG_ENABLE_OBJC_WEAK = YES;
				CLANG_WARN_BLOCK_CAPTURE_AUTORELEASING = YES;
				CLANG_WARN_BOOL_CONVERSION = YES;
				CLANG_WARN_COMMA = YES;
				CLANG_WARN_CONSTANT_CONVERSION = YES;
				CLANG_WARN_DEPRECATED_OBJC_IMPLEMENTATIONS = YES;
				CLANG_WARN_DIRECT_OBJC_ISA_USAGE = YES_ERROR;
				CLANG_WARN_DOCUMENTATION_COMMENTS = YES;
				CLANG_WARN_EMPTY_BODY = YES;
				CLANG_WARN_ENUM_CONVERSION = YES;
				CLANG_WARN_INFINITE_RECURSION = YES;
				CLANG_WARN_INT_CONVERSION = YES;
				CLANG_WARN_NON_LITERAL_NULL_CONVERSION = YES;
				CLANG_WARN_OBJC_IMPLICIT_RETAIN_SELF = YES;
				CLANG_WARN_OBJC_LITERAL_CONVERSION = YES;
				CLANG_WARN_OBJC_ROOT_CLASS = YES_ERROR;
				CLANG_WARN_RANGE_LOOP_ANALYSIS = YES;
				CLANG_WARN_STRICT_PROTOTYPES = YES;
				CLANG_WARN_SUSPICIOUS_MOVE = YES;
				CLANG_WARN_UNGUARDED_AVAILABILITY = YES_AGGRESSIVE;
				CLANG_WARN_UNREACHABLE_CODE = YES;
				CLANG_WARN__DUPLICATE_METHOD_MATCH = YES;
				CODE_SIGN_IDENTITY = "iPhone Developer";
				COPY_PHASE_STRIP = NO;
				DEBUG_INFORMATION_FORMAT = "dwarf-with-dsym";
				ENABLE_NS_ASSERTIONS = NO;
				ENABLE_STRICT_OBJC_MSGSEND = YES;
				GCC_C_LANGUAGE_STANDARD = gnu11;
				GCC_NO_COMMON_BLOCKS = YES;
				GCC_WARN_64_TO_32_BIT_CONVERSION = YES;
				GCC_WARN_ABOUT_RETURN_TYPE = YES_ERROR;
				GCC_WARN_UNDECLARED_SELECTOR = YES;
				GCC_WARN_UNINITIALIZED_AUTOS = YES_AGGRESSIVE;
				GCC_WARN_UNUSED_FUNCTION = YES;
				GCC_WARN_UNUSED_VARIABLE = YES;
				IPHONEOS_DEPLOYMENT_TARGET = 12.1;
				MTL_ENABLE_DEBUG_INFO = NO;
				MTL_FAST_MATH = YES;
				SDKROOT = iphoneos;
				SWIFT_COMPILATION_MODE = wholemodule;
				SWIFT_OPTIMIZATION_LEVEL = "-O";
				VALIDATE_PRODUCT = YES;
			};
			name = Release;
		};
		C7C4EDDF21E3D97B00ADD4E3 /* Debug */ = {
			isa = XCBuildConfiguration;
			buildSettings = {
				ASSETCATALOG_COMPILER_APPICON_NAME = AppIcon;
				CODE_SIGN_STYLE = Automatic;
				DEVELOPMENT_TEAM = FDAK5XPRG7;
				INFOPLIST_FILE = InstanceRendering/Info.plist;
				LD_RUNPATH_SEARCH_PATHS = (
					"$(inherited)",
					"@executable_path/Frameworks",
				);
				PRODUCT_BUNDLE_IDENTIFIER = "com.geo-games.InstanceRendering";
				PRODUCT_NAME = "$(TARGET_NAME)";
				SWIFT_VERSION = 4.2;
				TARGETED_DEVICE_FAMILY = "1,2";
			};
			name = Debug;
		};
		C7C4EDE021E3D97B00ADD4E3 /* Release */ = {
			isa = XCBuildConfiguration;
			buildSettings = {
				ASSETCATALOG_COMPILER_APPICON_NAME = AppIcon;
				CODE_SIGN_STYLE = Automatic;
				DEVELOPMENT_TEAM = FDAK5XPRG7;
				INFOPLIST_FILE = InstanceRendering/Info.plist;
				LD_RUNPATH_SEARCH_PATHS = (
					"$(inherited)",
					"@executable_path/Frameworks",
				);
				PRODUCT_BUNDLE_IDENTIFIER = "com.geo-games.InstanceRendering";
				PRODUCT_NAME = "$(TARGET_NAME)";
				SWIFT_VERSION = 4.2;
				TARGETED_DEVICE_FAMILY = "1,2";
			};
			name = Release;
		};
/* End XCBuildConfiguration section */

/* Begin XCConfigurationList section */
		C7C4EDC721E3D97A00ADD4E3 /* Build configuration list for PBXProject "InstanceRendering" */ = {
			isa = XCConfigurationList;
			buildConfigurations = (
				C7C4EDDC21E3D97B00ADD4E3 /* Debug */,
				C7C4EDDD21E3D97B00ADD4E3 /* Release */,
			);
			defaultConfigurationIsVisible = 0;
			defaultConfigurationName = Release;
		};
		C7C4EDDE21E3D97B00ADD4E3 /* Build configuration list for PBXNativeTarget "InstanceRendering" */ = {
			isa = XCConfigurationList;
			buildConfigurations = (
				C7C4EDDF21E3D97B00ADD4E3 /* Debug */,
				C7C4EDE021E3D97B00ADD4E3 /* Release */,
			);
			defaultConfigurationIsVisible = 0;
			defaultConfigurationName = Release;
		};
/* End XCConfigurationList section */
	};
	rootObject = C7C4EDC421E3D97A00ADD4E3 /* Project object */;
}
